{
  "name": "pub-sub",
  "version": "1.0.0",
  "lockfileVersion": 1,
  "requires": true,
  "dependencies": {
    "nats": {
      "version": "1.2.2",
      "resolved": "https://registry.npmjs.org/nats/-/nats-1.2.2.tgz",
      "integrity": "sha512-uGHVNvmXboHYYgxpF4ENLkjCgoUAIx33seYs3g+qiDQzxuM28qoi7xq5mnFwOYfYMNC7kGVGk9/WiXTItpOxPQ==",
      "requires": {
        "nuid": "^1.0.0",
        "ts-nkeys": "^1.0.8"
      }
    },
    "nuid": {
      "version": "1.0.0",
      "resolved": "https://registry.npmjs.org/nuid/-/nuid-1.0.0.tgz",
      "integrity": "sha512-046ukkoG8NXjiJMpQYLpGhYJIXJlClt2rDlnubCXN1/pztO/YTD2WkhyBZsEADsUwVtVMv5UmC0B2QrT5sZiDQ=="
    },
    "ts-nkeys": {
      "version": "1.0.10",
      "resolved": "https://registry.npmjs.org/ts-nkeys/-/ts-nkeys-1.0.10.tgz",
      "integrity": "sha512-T5TPWXl8EzCIqnuauGluNNUZPZM1rfRL6oE97xFHPH44TSFDNMHPkaN4/c95MuiV+JeYyrC+edLzpHr+Gc+YEw==",
      "requires": {
        "tweetnacl": "^1.0.0"
      }
    },
    "tweetnacl": {
      "version": "1.0.1",
      "resolved": "https://registry.npmjs.org/tweetnacl/-/tweetnacl-1.0.1.tgz",
      "integrity": "sha512-kcoMoKTPYnoeS50tzoqjPY3Uv9axeuuFAZY9M/9zFnhoVvRfxz9K29IMPD7jGmt2c8SW7i3gT9WqDl2+nV7p4A=="
    }
  }
}
